
Microsoft Visual Studio Solution File, Format Version 12.00
# Visual Studio Version 16
VisualStudioVersion = 16.0.30320.27
MinimumVisualStudioVersion = 10.0.40219.1
Project("{8BC9CEB8-8B4A-11D0-8D11-00A0C91BC942}") = "WEEK04-3", "WEEK04-3\WEEK04-3.vcxproj", "{ACA2F56B-C1B0-475C-A144-D8CA4C65BE0E}"
EndProject
Global
	GlobalSection(SolutionConfigurationPlatforms) = preSolution
		Debug|x64 = Debug|x64
		Debug|x86 = Debug|x86
		Release|x64 = Release|x64
		Release|x86 = Release|x86
	EndGlobalSection
	GlobalSection(ProjectConfigurationPlatforms) = postSolution
		{ACA2F56B-C1B0-475C-A144-D8CA4C65BE0E}.Debug|x64.ActiveCfg = Debug|x64
		{ACA2F56B-C1B0-475C-A144-D8CA4C65BE0E}.Debug|x64.Build.0 = Debug|x64
		{ACA2F56B-C1B0-475C-A144-D8CA4C65BE0E}.Debug|x86.ActiveCfg = Debug|Win32
		{ACA2F56B-C1B0-475C-A144-D8CA4C65BE0E}.Debug|x86.Build.0 = Debug|Win32
		{ACA2F56B-C1B0-475C-A144-D8CA4C65BE0E}.Release|x64.ActiveCfg = Release|x64
		{ACA2F56B-C1B0-475C-A144-D8CA4C65BE0E}.Release|x64.Build.0 = Release|x64
		{ACA2F56B-C1B0-475C-A144-D8CA4C65BE0E}.Release|x86.ActiveCfg = Release|Win32
		{ACA2F56B-C1B0-475C-A144-D8CA4C65BE0E}.Release|x86.Build.0 = Release|Win32
	EndGlobalSection
	GlobalSection(SolutionProperties) = preSolution
		HideSolutionNode = FALSE
	EndGlobalSection
	GlobalSection(ExtensibilityGlobals) = postSolution
		SolutionGuid = {7CA781F4-1514-4F37-8CEC-F809CEA0EE76}
	EndGlobalSection
EndGlobal
